// !$*UTF8*$!
{
	archiveVersion = 1;
	classes = {
	};
	objectVersion = 46;
	objects = {

/* Begin PBXBuildFile section */
		044A7A0F1EE85B8400B7FDDD /* AppDelegate.swift in Sources */ = {isa = PBXBuildFile; fileRef = 044A7A0E1EE85B8400B7FDDD /* AppDelegate.swift */; };
		044A7A141EE85B8400B7FDDD /* Main.storyboard in Resources */ = {isa = PBXBuildFile; fileRef = 044A7A121EE85B8400B7FDDD /* Main.storyboard */; };
		044A7A161EE85B8400B7FDDD /* Assets.xcassets in Resources */ = {isa = PBXBuildFile; fileRef = 044A7A151EE85B8400B7FDDD /* Assets.xcassets */; };
		044A7A191EE85B8400B7FDDD /* LaunchScreen.storyboard in Resources */ = {isa = PBXBuildFile; fileRef = 044A7A171EE85B8400B7FDDD /* LaunchScreen.storyboard */; };
		044A7A211EE85DF400B7FDDD /* HotTextViewController.swift in Sources */ = {isa = PBXBuildFile; fileRef = 044A7A201EE85DF400B7FDDD /* HotTextViewController.swift */; };
		044A7A231EE85FB500B7FDDD /* HotTextCell.swift in Sources */ = {isa = PBXBuildFile; fileRef = 044A7A221EE85FB500B7FDDD /* HotTextCell.swift */; };
		DE7CA90A48654CCF40F4A4B5 /* Pods_article_reader.framework in Frameworks */ = {isa = PBXBuildFile; fileRef = 35B7C9EB71565CD7069934B9 /* Pods_article_reader.framework */; };
/* End PBXBuildFile section */

/* Begin PBXFileReference section */
		044A7A0B1EE85B8400B7FDDD /* article_reader.app */ = {isa = PBXFileReference; explicitFileType = wrapper.application; includeInIndex = 0; path = article_reader.app; sourceTree = BUILT_PRODUCTS_DIR; };
		044A7A0E1EE85B8400B7FDDD /* AppDelegate.swift */ = {isa = PBXFileReference; lastKnownFileType = sourcecode.swift; path = AppDelegate.swift; sourceTree = "<group>"; };
		044A7A131EE85B8400B7FDDD /* Base */ = {isa = PBXFileReference; lastKnownFileType = file.storyboard; name = Base; path = Base.lproj/Main.storyboard; sourceTree = "<group>"; };
		044A7A151EE85B8400B7FDDD /* Assets.xcassets */ = {isa = PBXFileReference; lastKnownFileType = folder.assetcatalog; path = Assets.xcassets; sourceTree = "<group>"; };
		044A7A181EE85B8400B7FDDD /* Base */ = {isa = PBXFileReference; lastKnownFileType = file.storyboard; name = Base; path = Base.lproj/LaunchScreen.storyboard; sourceTree = "<group>"; };
		044A7A1A1EE85B8400B7FDDD /* Info.plist */ = {isa = PBXFileReference; lastKnownFileType = text.plist.xml; path = Info.plist; sourceTree = "<group>"; };
		044A7A201EE85DF400B7FDDD /* HotTextViewController.swift */ = {isa = PBXFileReference; fileEncoding = 4; lastKnownFileType = sourcecode.swift; path = HotTextViewController.swift; sourceTree = "<group>"; };
		044A7A221EE85FB500B7FDDD /* HotTextCell.swift */ = {isa = PBXFileReference; fileEncoding = 4; lastKnownFileType = sourcecode.swift; path = HotTextCell.swift; sourceTree = "<group>"; };
		35B7C9EB71565CD7069934B9 /* Pods_article_reader.framework */ = {isa = PBXFileReference; explicitFileType = wrapper.framework; includeInIndex = 0; path = Pods_article_reader.framework; sourceTree = BUILT_PRODUCTS_DIR; };
		9C674BF80EBA4638B7A194A7 /* Pods-article_reader.debug.xcconfig */ = {isa = PBXFileReference; includeInIndex = 1; lastKnownFileType = text.xcconfig; name = "Pods-article_reader.debug.xcconfig"; path = "Pods/Target Support Files/Pods-article_reader/Pods-article_reader.debug.xcconfig"; sourceTree = "<group>"; };
		C9ADEDAD1BF959C0CB24828A /* Pods-article_reader.release.xcconfig */ = {isa = PBXFileReference; includeInIndex = 1; lastKnownFileType = text.xcconfig; name = "Pods-article_reader.release.xcconfig"; path = "Pods/Target Support Files/Pods-article_reader/Pods-article_reader.release.xcconfig"; sourceTree = "<group>"; };
/* End PBXFileReference section */

/* Begin PBXFrameworksBuildPhase section */
		044A7A081EE85B8400B7FDDD /* Frameworks */ = {
			isa = PBXFrameworksBuildPhase;
			buildActionMask = 2147483647;
			files = (
				DE7CA90A48654CCF40F4A4B5 /* Pods_article_reader.framework in Frameworks */,
			);
			runOnlyForDeploymentPostprocessing = 0;
		};
/* End PBXFrameworksBuildPhase section */

/* Begin PBXGroup section */
		044A7A021EE85B8400B7FDDD = {
			isa = PBXGroup;
			children = (
				044A7A0D1EE85B8400B7FDDD /* article_reader */,
				044A7A0C1EE85B8400B7FDDD /* Products */,
				2E557F5F8A8BCFA6B78E0067 /* Pods */,
				F3E6EA8A2545E77B01E1A1A0 /* Frameworks */,
			);
			sourceTree = "<group>";
		};
		044A7A0C1EE85B8400B7FDDD /* Products */ = {
			isa = PBXGroup;
			children = (
				044A7A0B1EE85B8400B7FDDD /* article_reader.app */,
			);
			name = Products;
			sourceTree = "<group>";
		};
		044A7A0D1EE85B8400B7FDDD /* article_reader */ = {
			isa = PBXGroup;
			children = (
				044A7A0E1EE85B8400B7FDDD /* AppDelegate.swift */,
				044A7A121EE85B8400B7FDDD /* Main.storyboard */,
				044A7A201EE85DF400B7FDDD /* HotTextViewController.swift */,
				044A7A221EE85FB500B7FDDD /* HotTextCell.swift */,
				044A7A151EE85B8400B7FDDD /* Assets.xcassets */,
				044A7A171EE85B8400B7FDDD /* LaunchScreen.storyboard */,
				044A7A1A1EE85B8400B7FDDD /* Info.plist */,
			);
			path = article_reader;
			sourceTree = "<group>";
		};
		2E557F5F8A8BCFA6B78E0067 /* Pods */ = {
			isa = PBXGroup;
			children = (
				9C674BF80EBA4638B7A194A7 /* Pods-article_reader.debug.xcconfig */,
				C9ADEDAD1BF959C0CB24828A /* Pods-article_reader.release.xcconfig */,
			);
			name = Pods;
			sourceTree = "<group>";
		};
		F3E6EA8A2545E77B01E1A1A0 /* Frameworks */ = {
			isa = PBXGroup;
			children = (
				35B7C9EB71565CD7069934B9 /* Pods_article_reader.framework */,
			);
			name = Frameworks;
			sourceTree = "<group>";
		};
/* End PBXGroup section */

/* Begin PBXNativeTarget section */
		044A7A0A1EE85B8400B7FDDD /* article_reader */ = {
			isa = PBXNativeTarget;
			buildConfigurationList = 044A7A1D1EE85B8400B7FDDD /* Build configuration list for PBXNativeTarget "article_reader" */;
			buildPhases = (
				6073120AEE2BFF57FC6338A6 /* [CP] Check Pods Manifest.lock */,
				044A7A071EE85B8400B7FDDD /* Sources */,
				044A7A081EE85B8400B7FDDD /* Frameworks */,
				044A7A091EE85B8400B7FDDD /* Resources */,
				7BF9B760845AE4F080393C9B /* [CP] Embed Pods Frameworks */,
				E1932470C0299D6C6379A4E8 /* [CP] Copy Pods Resources */,
			);
			buildRules = (
			);
			dependencies = (
			);
			name = article_reader;
			productName = article_reader;
			productReference = 044A7A0B1EE85B8400B7FDDD /* article_reader.app */;
			productType = "com.apple.product-type.application";
		};
/* End PBXNativeTarget section */

/* Begin PBXProject section */
		044A7A031EE85B8400B7FDDD /* Project object */ = {
			isa = PBXProject;
			attributes = {
				LastSwiftUpdateCheck = 0830;
				LastUpgradeCheck = 0830;
				ORGANIZATIONNAME = changname;
				TargetAttributes = {
					044A7A0A1EE85B8400B7FDDD = {
						CreatedOnToolsVersion = 8.3.2;
						DevelopmentTeam = V7466QEVQE;
						ProvisioningStyle = Automatic;
					};
				};
			};
			buildConfigurationList = 044A7A061EE85B8400B7FDDD /* Build configuration list for PBXProject "article_reader" */;
			compatibilityVersion = "Xcode 3.2";
			developmentRegion = English;
			hasScannedForEncodings = 0;
			knownRegions = (
				en,
				Base,
			);
			mainGroup = 044A7A021EE85B8400B7FDDD;
			productRefGroup = 044A7A0C1EE85B8400B7FDDD /* Products */;
			projectDirPath = "";
			projectRoot = "";
			targets = (
				044A7A0A1EE85B8400B7FDDD /* article_reader */,
			);
		};
/* End PBXProject section */

/* Begin PBXResourcesBuildPhase section */
		044A7A091EE85B8400B7FDDD /* Resources */ = {
			isa = PBXResourcesBuildPhase;
			buildActionMask = 2147483647;
			files = (
				044A7A191EE85B8400B7FDDD /* LaunchScreen.storyboard in Resources */,
				044A7A161EE85B8400B7FDDD /* Assets.xcassets in Resources */,
				044A7A141EE85B8400B7FDDD /* Main.storyboard in Resources */,
			);
			runOnlyForDeploymentPostprocessing = 0;
		};
/* End PBXResourcesBuildPhase section */

/* Begin PBXShellScriptBuildPhase section */
		6073120AEE2BFF57FC6338A6 /* [CP] Check Pods Manifest.lock */ = {
			isa = PBXShellScriptBuildPhase;
			buildActionMask = 2147483647;
			files = (
			);
			inputPaths = (
			);
			name = "[CP] Check Pods Manifest.lock";
			outputPaths = (
			);
			runOnlyForDeploymentPostprocessing = 0;
			shellPath = /bin/sh;
			shellScript = "diff \"${PODS_PODFILE_DIR_PATH}/Podfile.lock\" \"${PODS_ROOT}/Manifest.lock\" > /dev/null\nif [ $? != 0 ] ; then\n    # print error to STDERR\n    echo \"error: The sandbox is not in sync with the Podfile.lock. Run 'pod install' or update your CocoaPods installation.\" >&2\n    exit 1\nfi\n";
			showEnvVarsInLog = 0;
		};
		7BF9B760845AE4F080393C9B /* [CP] Embed Pods Frameworks */ = {
			isa = PBXShellScriptBuildPhase;
			buildActionMask = 2147483647;
			files = (
			);
			inputPaths = (
			);
			name = "[CP] Embed Pods Frameworks";
			outputPaths = (
			);
			runOnlyForDeploymentPostprocessing = 0;
			shellPath = /bin/sh;
			shellScript = "\"${SRCROOT}/Pods/Target Support Files/Pods-article_reader/Pods-article_reader-frameworks.sh\"\n";
			showEnvVarsInLog = 0;
		};
		E1932470C0299D6C6379A4E8 /* [CP] Copy Pods Resources */ = {
			isa = PBXShellScriptBuildPhase;
			buildActionMask = 2147483647;
			files = (
			);
			inputPaths = (
			);
			name = "[CP] Copy Pods Resources";
			outputPaths = (
			);
			runOnlyForDeploymentPostprocessing = 0;
			shellPath = /bin/sh;
			shellScript = "\"${SRCROOT}/Pods/Target Support Files/Pods-article_reader/Pods-article_reader-resources.sh\"\n";
			showEnvVarsInLog = 0;
		};
/* End PBXShellScriptBuildPhase section */

/* Begin PBXSourcesBuildPhase section */
		044A7A071EE85B8400B7FDDD /* Sources */ = {
			isa = PBXSourcesBuildPhase;
			buildActionMask = 2147483647;
			files = (
				044A7A0F1EE85B8400B7FDDD /* AppDelegate.swift in Sources */,
				044A7A211EE85DF400B7FDDD /* HotTextViewController.swift in Sources */,
				044A7A231EE85FB500B7FDDD /* HotTextCell.swift in Sources */,
			);
			runOnlyForDeploymentPostprocessing = 0;
		};
/* End PBXSourcesBuildPhase section */

/* Begin PBXVariantGroup section */
		044A7A121EE85B8400B7FDDD /* Main.storyboard */ = {
			isa = PBXVariantGroup;
			children = (
				044A7A131EE85B8400B7FDDD /* Base */,
			);
			name = Main.storyboard;
			sourceTree = "<group>";
		};
		044A7A171EE85B8400B7FDDD /* LaunchScreen.storyboard */ = {
			isa = PBXVariantGroup;
			children = (
				044A7A181EE85B8400B7FDDD /* Base */,
			);
			name = LaunchScreen.storyboard;
			sourceTree = "<group>";
		};
/* End PBXVariantGroup section */

/* Begin XCBuildConfiguration section */
		044A7A1B1EE85B8400B7FDDD /* Debug */ = {
			isa = XCBuildConfiguration;
			buildSettings = {
				ALWAYS_SEARCH_USER_PATHS = NO;
				CLANG_ANALYZER_NONNULL = YES;
				CLANG_ANALYZER_NUMBER_OBJECT_CONVERSION = YES_AGGRESSIVE;
				CLANG_CXX_LANGUAGE_STANDARD = "gnu++0x";
				CLANG_CXX_LIBRARY = "libc++";
				CLANG_ENABLE_MODULES = YES;
				CLANG_ENABLE_OBJC_ARC = YES;
				CLANG_WARN_BOOL_CONVERSION = YES;
				CLANG_WARN_CONSTANT_CONVERSION = YES;
				CLANG_WARN_DIRECT_OBJC_ISA_USAGE = YES_ERROR;
				CLANG_WARN_DOCUMENTATION_COMMENTS = YES;
				CLANG_WARN_EMPTY_BODY = YES;
				CLANG_WARN_ENUM_CONVERSION = YES;
				CLANG_WARN_INFINITE_RECURSION = YES;
				CLANG_WARN_INT_CONVERSION = YES;
				CLANG_WARN_OBJC_ROOT_CLASS = YES_ERROR;
				CLANG_WARN_SUSPICIOUS_MOVE = YES;
				CLANG_WARN_UNREACHABLE_CODE = YES;
				CLANG_WARN__DUPLICATE_METHOD_MATCH = YES;
				"CODE_SIGN_IDENTITY[sdk=iphoneos*]" = "iPhone Developer";
				COPY_PHASE_STRIP = NO;
				DEBUG_INFORMATION_FORMAT = dwarf;
				ENABLE_STRICT_OBJC_MSGSEND = YES;
				ENABLE_TESTABILITY = YES;
				GCC_C_LANGUAGE_STANDARD = gnu99;
				GCC_DYNAMIC_NO_PIC = NO;
				GCC_NO_COMMON_BLOCKS = YES;
				GCC_OPTIMIZATION_LEVEL = 0;
				GCC_PREPROCESSOR_DEFINITIONS = (
					"DEBUG=1",
					"$(inherited)",
				);
				GCC_WARN_64_TO_32_BIT_CONVERSION = YES;
				GCC_WARN_ABOUT_RETURN_TYPE = YES_ERROR;
				GCC_WARN_UNDECLARED_SELECTOR = YES;
				GCC_WARN_UNINITIALIZED_AUTOS = YES_AGGRESSIVE;
				GCC_WARN_UNUSED_FUNCTION = YES;
				GCC_WARN_UNUSED_VARIABLE = YES;
				IPHONEOS_DEPLOYMENT_TARGET = 10.3;
				MTL_ENABLE_DEBUG_INFO = YES;
				ONLY_ACTIVE_ARCH = YES;
				SDKROOT = iphoneos;
				SWIFT_ACTIVE_COMPILATION_CONDITIONS = DEBUG;
				SWIFT_OPTIMIZATION_LEVEL = "-Onone";
			};
			name = Debug;
		};
		044A7A1C1EE85B8400B7FDDD /* Release */ = {
			isa = XCBuildConfiguration;
			buildSettings = {
				ALWAYS_SEARCH_USER_PATHS = NO;
				CLANG_ANALYZER_NONNULL = YES;
				CLANG_ANALYZER_NUMBER_OBJECT_CONVERSION = YES_AGGRESSIVE;
				CLANG_CXX_LANGUAGE_STANDARD = "gnu++0x";
				CLANG_CXX_LIBRARY = "libc++";
				CLANG_ENABLE_MODULES = YES;
				CLANG_ENABLE_OBJC_ARC = YES;
				CLANG_WARN_BOOL_CONVERSION = YES;
				CLANG_WARN_CONSTANT_CONVERSION = YES;
				CLANG_WARN_DIRECT_OBJC_ISA_USAGE = YES_ERROR;
				CLANG_WARN_DOCUMENTATION_COMMENTS = YES;
				CLANG_WARN_EMPTY_BODY = YES;
				CLANG_WARN_ENUM_CONVERSION = YES;
				CLANG_WARN_INFINITE_RECURSION = YES;
				CLANG_WARN_INT_CONVERSION = YES;
				CLANG_WARN_OBJC_ROOT_CLASS = YES_ERROR;
				CLANG_WARN_SUSPICIOUS_MOVE = YES;
				CLANG_WARN_UNREACHABLE_CODE = YES;
				CLANG_WARN__DUPLICATE_METHOD_MATCH = YES;
				"CODE_SIGN_IDENTITY[sdk=iphoneos*]" = "iPhone Developer";
				COPY_PHASE_STRIP = NO;
				DEBUG_INFORMATION_FORMAT = "dwarf-with-dsym";
				ENABLE_NS_ASSERTIONS = NO;
				ENABLE_STRICT_OBJC_MSGSEND = YES;
				GCC_C_LANGUAGE_STANDARD = gnu99;
				GCC_NO_COMMON_BLOCKS = YES;
				GCC_WARN_64_TO_32_BIT_CONVERSION = YES;
				GCC_WARN_ABOUT_RETURN_TYPE = YES_ERROR;
				GCC_WARN_UNDECLARED_SELECTOR = YES;
				GCC_WARN_UNINITIALIZED_AUTOS = YES_AGGRESSIVE;
				GCC_WARN_UNUSED_FUNCTION = YES;
				GCC_WARN_UNUSED_VARIABLE = YES;
				IPHONEOS_DEPLOYMENT_TARGET = 10.3;
				MTL_ENABLE_DEBUG_INFO = NO;
				SDKROOT = iphoneos;
				SWIFT_OPTIMIZATION_LEVEL = "-Owholemodule";
				VALIDATE_PRODUCT = YES;
			};
			name = Release;
		};
		044A7A1E1EE85B8400B7FDDD /* Debug */ = {
			isa = XCBuildConfiguration;
			baseConfigurationReference = 9C674BF80EBA4638B7A194A7 /* Pods-article_reader.debug.xcconfig */;
			buildSettings = {
				ASSETCATALOG_COMPILER_APPICON_NAME = AppIcon;
				DEVELOPMENT_TEAM = V7466QEVQE;
				INFOPLIST_FILE = article_reader/Info.plist;
				LD_RUNPATH_SEARCH_PATHS = "$(inherited) @executable_path/Frameworks";
				PRODUCT_BUNDLE_IDENTIFIER = "chang.article-reader";
				PRODUCT_NAME = "$(TARGET_NAME)";
				SWIFT_VERSION = 3.0;
			};
			name = Debug;
		};
		044A7A1F1EE85B8400B7FDDD /* Release */ = {
			isa = XCBuildConfiguration;
			baseConfigurationReference = C9ADEDAD1BF959C0CB24828A /* Pods-article_reader.release.xcconfig */;
			buildSettings = {
				ASSETCATALOG_COMPILER_APPICON_NAME = AppIcon;
				DEVELOPMENT_TEAM = V7466QEVQE;
				INFOPLIST_FILE = article_reader/Info.plist;
				LD_RUNPATH_SEARCH_PATHS = "$(inherited) @executable_path/Frameworks";
				PRODUCT_BUNDLE_IDENTIFIER = "chang.article-reader";
				PRODUCT_NAME = "$(TARGET_NAME)";
				SWIFT_VERSION = 3.0;
			};
			name = Release;
		};
/* End XCBuildConfiguration section */

/* Begin XCConfigurationList section */
		044A7A061EE85B8400B7FDDD /* Build configuration list for PBXProject "article_reader" */ = {
			isa = XCConfigurationList;
			buildConfigurations = (
				044A7A1B1EE85B8400B7FDDD /* Debug */,
				044A7A1C1EE85B8400B7FDDD /* Release */,
			);
			defaultConfigurationIsVisible = 0;
			defaultConfigurationName = Release;
		};
		044A7A1D1EE85B8400B7FDDD /* Build configuration list for PBXNativeTarget "article_reader" */ = {
			isa = XCConfigurationList;
			buildConfigurations = (
				044A7A1E1EE85B8400B7FDDD /* Debug */,
				044A7A1F1EE85B8400B7FDDD /* Release */,
			);
			defaultConfigurationIsVisible = 0;
			defaultConfigurationName = Release;
		};
/* End XCConfigurationList section */
	};
	rootObject = 044A7A031EE85B8400B7FDDD /* Project object */;
}
