// !$*UTF8*$!
{
	archiveVersion = 1;
	classes = {
	};
	objectVersion = 46;
	objects = {

/* Begin PBXBuildFile section */
		04EF328B1ED6B05400DC54F4 /* eugene.jpg in Resources */ = {isa = PBXBuildFile; fileRef = 04EF32791ED6B05400DC54F4 /* eugene.jpg */; };
		04EF328C1ED6B05400DC54F4 /* eugene@2x.jpg in Resources */ = {isa = PBXBuildFile; fileRef = 04EF327A1ED6B05400DC54F4 /* eugene@2x.jpg */; };
		04EF328D1ED6B05400DC54F4 /* eugene@3x.jpg in Resources */ = {isa = PBXBuildFile; fileRef = 04EF327B1ED6B05400DC54F4 /* eugene@3x.jpg */; };
		04EF328E1ED6B05400DC54F4 /* ICON1024.png in Resources */ = {isa = PBXBuildFile; fileRef = 04EF327C1ED6B05400DC54F4 /* ICON1024.png */; };
		04EF328F1ED6B05400DC54F4 /* ICON120.png in Resources */ = {isa = PBXBuildFile; fileRef = 04EF327D1ED6B05400DC54F4 /* ICON120.png */; };
		04EF32901ED6B05400DC54F4 /* ICON152.png in Resources */ = {isa = PBXBuildFile; fileRef = 04EF327E1ED6B05400DC54F4 /* ICON152.png */; };
		04EF32911ED6B05400DC54F4 /* ICON167.png in Resources */ = {isa = PBXBuildFile; fileRef = 04EF327F1ED6B05400DC54F4 /* ICON167.png */; };
		04EF32921ED6B05400DC54F4 /* ICON180.png in Resources */ = {isa = PBXBuildFile; fileRef = 04EF32801ED6B05400DC54F4 /* ICON180.png */; };
		04EF32931ED6B05400DC54F4 /* ICON29.png in Resources */ = {isa = PBXBuildFile; fileRef = 04EF32811ED6B05400DC54F4 /* ICON29.png */; };
		04EF32941ED6B05400DC54F4 /* ICON40.png in Resources */ = {isa = PBXBuildFile; fileRef = 04EF32821ED6B05400DC54F4 /* ICON40.png */; };
		04EF32951ED6B05400DC54F4 /* ICON58.png in Resources */ = {isa = PBXBuildFile; fileRef = 04EF32831ED6B05400DC54F4 /* ICON58.png */; };
		04EF32961ED6B05400DC54F4 /* ICON60.png in Resources */ = {isa = PBXBuildFile; fileRef = 04EF32841ED6B05400DC54F4 /* ICON60.png */; };
		04EF32971ED6B05400DC54F4 /* ICON76.png in Resources */ = {isa = PBXBuildFile; fileRef = 04EF32851ED6B05400DC54F4 /* ICON76.png */; };
		04EF32981ED6B05400DC54F4 /* ICON80.png in Resources */ = {isa = PBXBuildFile; fileRef = 04EF32861ED6B05400DC54F4 /* ICON80.png */; };
		04EF32991ED6B05400DC54F4 /* ICON87.png in Resources */ = {isa = PBXBuildFile; fileRef = 04EF32871ED6B05400DC54F4 /* ICON87.png */; };
		04EF329A1ED6B05400DC54F4 /* iOS7Tech.jpg in Resources */ = {isa = PBXBuildFile; fileRef = 04EF32881ED6B05400DC54F4 /* iOS7Tech.jpg */; };
		04EF329B1ED6B05400DC54F4 /* iOS7Tech@2x.jpg in Resources */ = {isa = PBXBuildFile; fileRef = 04EF32891ED6B05400DC54F4 /* iOS7Tech@2x.jpg */; };
		04EF329C1ED6B05400DC54F4 /* iOS7Tech@3x.jpg in Resources */ = {isa = PBXBuildFile; fileRef = 04EF328A1ED6B05400DC54F4 /* iOS7Tech@3x.jpg */; };
		04FEBA521ECEC32C00ADB725 /* AppDelegate.swift in Sources */ = {isa = PBXBuildFile; fileRef = 04FEBA511ECEC32C00ADB725 /* AppDelegate.swift */; };
		04FEBA541ECEC32C00ADB725 /* ViewController.swift in Sources */ = {isa = PBXBuildFile; fileRef = 04FEBA531ECEC32C00ADB725 /* ViewController.swift */; };
		04FEBA571ECEC32C00ADB725 /* Main.storyboard in Resources */ = {isa = PBXBuildFile; fileRef = 04FEBA551ECEC32C00ADB725 /* Main.storyboard */; };
		04FEBA591ECEC32C00ADB725 /* Assets.xcassets in Resources */ = {isa = PBXBuildFile; fileRef = 04FEBA581ECEC32C00ADB725 /* Assets.xcassets */; };
		04FEBA5C1ECEC32C00ADB725 /* LaunchScreen.storyboard in Resources */ = {isa = PBXBuildFile; fileRef = 04FEBA5A1ECEC32C00ADB725 /* LaunchScreen.storyboard */; };
/* End PBXBuildFile section */

/* Begin PBXFileReference section */
		04EF32791ED6B05400DC54F4 /* eugene.jpg */ = {isa = PBXFileReference; lastKnownFileType = image.jpeg; path = eugene.jpg; sourceTree = "<group>"; };
		04EF327A1ED6B05400DC54F4 /* eugene@2x.jpg */ = {isa = PBXFileReference; lastKnownFileType = image.jpeg; path = "eugene@2x.jpg"; sourceTree = "<group>"; };
		04EF327B1ED6B05400DC54F4 /* eugene@3x.jpg */ = {isa = PBXFileReference; lastKnownFileType = image.jpeg; path = "eugene@3x.jpg"; sourceTree = "<group>"; };
		04EF327C1ED6B05400DC54F4 /* ICON1024.png */ = {isa = PBXFileReference; lastKnownFileType = image.png; path = ICON1024.png; sourceTree = "<group>"; };
		04EF327D1ED6B05400DC54F4 /* ICON120.png */ = {isa = PBXFileReference; lastKnownFileType = image.png; path = ICON120.png; sourceTree = "<group>"; };
		04EF327E1ED6B05400DC54F4 /* ICON152.png */ = {isa = PBXFileReference; lastKnownFileType = image.png; path = ICON152.png; sourceTree = "<group>"; };
		04EF327F1ED6B05400DC54F4 /* ICON167.png */ = {isa = PBXFileReference; lastKnownFileType = image.png; path = ICON167.png; sourceTree = "<group>"; };
		04EF32801ED6B05400DC54F4 /* ICON180.png */ = {isa = PBXFileReference; lastKnownFileType = image.png; path = ICON180.png; sourceTree = "<group>"; };
		04EF32811ED6B05400DC54F4 /* ICON29.png */ = {isa = PBXFileReference; lastKnownFileType = image.png; path = ICON29.png; sourceTree = "<group>"; };
		04EF32821ED6B05400DC54F4 /* ICON40.png */ = {isa = PBXFileReference; lastKnownFileType = image.png; path = ICON40.png; sourceTree = "<group>"; };
		04EF32831ED6B05400DC54F4 /* ICON58.png */ = {isa = PBXFileReference; lastKnownFileType = image.png; path = ICON58.png; sourceTree = "<group>"; };
		04EF32841ED6B05400DC54F4 /* ICON60.png */ = {isa = PBXFileReference; lastKnownFileType = image.png; path = ICON60.png; sourceTree = "<group>"; };
		04EF32851ED6B05400DC54F4 /* ICON76.png */ = {isa = PBXFileReference; lastKnownFileType = image.png; path = ICON76.png; sourceTree = "<group>"; };
		04EF32861ED6B05400DC54F4 /* ICON80.png */ = {isa = PBXFileReference; lastKnownFileType = image.png; path = ICON80.png; sourceTree = "<group>"; };
		04EF32871ED6B05400DC54F4 /* ICON87.png */ = {isa = PBXFileReference; lastKnownFileType = image.png; path = ICON87.png; sourceTree = "<group>"; };
		04EF32881ED6B05400DC54F4 /* iOS7Tech.jpg */ = {isa = PBXFileReference; lastKnownFileType = image.jpeg; path = iOS7Tech.jpg; sourceTree = "<group>"; };
		04EF32891ED6B05400DC54F4 /* iOS7Tech@2x.jpg */ = {isa = PBXFileReference; lastKnownFileType = image.jpeg; path = "iOS7Tech@2x.jpg"; sourceTree = "<group>"; };
		04EF328A1ED6B05400DC54F4 /* iOS7Tech@3x.jpg */ = {isa = PBXFileReference; lastKnownFileType = image.jpeg; path = "iOS7Tech@3x.jpg"; sourceTree = "<group>"; };
		04FEBA4E1ECEC32C00ADB725 /* wtphoto.app */ = {isa = PBXFileReference; explicitFileType = wrapper.application; includeInIndex = 0; path = wtphoto.app; sourceTree = BUILT_PRODUCTS_DIR; };
		04FEBA511ECEC32C00ADB725 /* AppDelegate.swift */ = {isa = PBXFileReference; lastKnownFileType = sourcecode.swift; path = AppDelegate.swift; sourceTree = "<group>"; };
		04FEBA531ECEC32C00ADB725 /* ViewController.swift */ = {isa = PBXFileReference; lastKnownFileType = sourcecode.swift; path = ViewController.swift; sourceTree = "<group>"; };
		04FEBA561ECEC32C00ADB725 /* Base */ = {isa = PBXFileReference; lastKnownFileType = file.storyboard; name = Base; path = Base.lproj/Main.storyboard; sourceTree = "<group>"; };
		04FEBA581ECEC32C00ADB725 /* Assets.xcassets */ = {isa = PBXFileReference; lastKnownFileType = folder.assetcatalog; path = Assets.xcassets; sourceTree = "<group>"; };
		04FEBA5B1ECEC32C00ADB725 /* Base */ = {isa = PBXFileReference; lastKnownFileType = file.storyboard; name = Base; path = Base.lproj/LaunchScreen.storyboard; sourceTree = "<group>"; };
		04FEBA5D1ECEC32C00ADB725 /* Info.plist */ = {isa = PBXFileReference; lastKnownFileType = text.plist.xml; path = Info.plist; sourceTree = "<group>"; };
/* End PBXFileReference section */

/* Begin PBXFrameworksBuildPhase section */
		04FEBA4B1ECEC32C00ADB725 /* Frameworks */ = {
			isa = PBXFrameworksBuildPhase;
			buildActionMask = 2147483647;
			files = (
			);
			runOnlyForDeploymentPostprocessing = 0;
		};
/* End PBXFrameworksBuildPhase section */

/* Begin PBXGroup section */
		04EF32781ED6B05400DC54F4 /* images */ = {
			isa = PBXGroup;
			children = (
				04EF32791ED6B05400DC54F4 /* eugene.jpg */,
				04EF327A1ED6B05400DC54F4 /* eugene@2x.jpg */,
				04EF327B1ED6B05400DC54F4 /* eugene@3x.jpg */,
				04EF327C1ED6B05400DC54F4 /* ICON1024.png */,
				04EF327D1ED6B05400DC54F4 /* ICON120.png */,
				04EF327E1ED6B05400DC54F4 /* ICON152.png */,
				04EF327F1ED6B05400DC54F4 /* ICON167.png */,
				04EF32801ED6B05400DC54F4 /* ICON180.png */,
				04EF32811ED6B05400DC54F4 /* ICON29.png */,
				04EF32821ED6B05400DC54F4 /* ICON40.png */,
				04EF32831ED6B05400DC54F4 /* ICON58.png */,
				04EF32841ED6B05400DC54F4 /* ICON60.png */,
				04EF32851ED6B05400DC54F4 /* ICON76.png */,
				04EF32861ED6B05400DC54F4 /* ICON80.png */,
				04EF32871ED6B05400DC54F4 /* ICON87.png */,
				04EF32881ED6B05400DC54F4 /* iOS7Tech.jpg */,
				04EF32891ED6B05400DC54F4 /* iOS7Tech@2x.jpg */,
				04EF328A1ED6B05400DC54F4 /* iOS7Tech@3x.jpg */,
			);
			path = images;
			sourceTree = "<group>";
		};
		04FEBA451ECEC32C00ADB725 = {
			isa = PBXGroup;
			children = (
				04FEBA501ECEC32C00ADB725 /* wtphoto */,
				04FEBA4F1ECEC32C00ADB725 /* Products */,
			);
			sourceTree = "<group>";
		};
		04FEBA4F1ECEC32C00ADB725 /* Products */ = {
			isa = PBXGroup;
			children = (
				04FEBA4E1ECEC32C00ADB725 /* wtphoto.app */,
			);
			name = Products;
			sourceTree = "<group>";
		};
		04FEBA501ECEC32C00ADB725 /* wtphoto */ = {
			isa = PBXGroup;
			children = (
				04EF32781ED6B05400DC54F4 /* images */,
				04FEBA511ECEC32C00ADB725 /* AppDelegate.swift */,
				04FEBA531ECEC32C00ADB725 /* ViewController.swift */,
				04FEBA551ECEC32C00ADB725 /* Main.storyboard */,
				04FEBA581ECEC32C00ADB725 /* Assets.xcassets */,
				04FEBA5A1ECEC32C00ADB725 /* LaunchScreen.storyboard */,
				04FEBA5D1ECEC32C00ADB725 /* Info.plist */,
			);
			path = wtphoto;
			sourceTree = "<group>";
		};
/* End PBXGroup section */

/* Begin PBXNativeTarget section */
		04FEBA4D1ECEC32C00ADB725 /* wtphoto */ = {
			isa = PBXNativeTarget;
			buildConfigurationList = 04FEBA601ECEC32C00ADB725 /* Build configuration list for PBXNativeTarget "wtphoto" */;
			buildPhases = (
				04FEBA4A1ECEC32C00ADB725 /* Sources */,
				04FEBA4B1ECEC32C00ADB725 /* Frameworks */,
				04FEBA4C1ECEC32C00ADB725 /* Resources */,
			);
			buildRules = (
			);
			dependencies = (
			);
			name = wtphoto;
			productName = wtphoto;
			productReference = 04FEBA4E1ECEC32C00ADB725 /* wtphoto.app */;
			productType = "com.apple.product-type.application";
		};
/* End PBXNativeTarget section */

/* Begin PBXProject section */
		04FEBA461ECEC32C00ADB725 /* Project object */ = {
			isa = PBXProject;
			attributes = {
				LastSwiftUpdateCheck = 0830;
				LastUpgradeCheck = 0830;
				ORGANIZATIONNAME = changname;
				TargetAttributes = {
					04FEBA4D1ECEC32C00ADB725 = {
						CreatedOnToolsVersion = 8.3.2;
						ProvisioningStyle = Automatic;
					};
				};
			};
			buildConfigurationList = 04FEBA491ECEC32C00ADB725 /* Build configuration list for PBXProject "wtphoto" */;
			compatibilityVersion = "Xcode 3.2";
			developmentRegion = English;
			hasScannedForEncodings = 0;
			knownRegions = (
				en,
				Base,
			);
			mainGroup = 04FEBA451ECEC32C00ADB725;
			productRefGroup = 04FEBA4F1ECEC32C00ADB725 /* Products */;
			projectDirPath = "";
			projectRoot = "";
			targets = (
				04FEBA4D1ECEC32C00ADB725 /* wtphoto */,
			);
		};
/* End PBXProject section */

/* Begin PBXResourcesBuildPhase section */
		04FEBA4C1ECEC32C00ADB725 /* Resources */ = {
			isa = PBXResourcesBuildPhase;
			buildActionMask = 2147483647;
			files = (
				04FEBA5C1ECEC32C00ADB725 /* LaunchScreen.storyboard in Resources */,
				04EF328E1ED6B05400DC54F4 /* ICON1024.png in Resources */,
				04EF328F1ED6B05400DC54F4 /* ICON120.png in Resources */,
				04EF32981ED6B05400DC54F4 /* ICON80.png in Resources */,
				04EF329C1ED6B05400DC54F4 /* iOS7Tech@3x.jpg in Resources */,
				04EF32971ED6B05400DC54F4 /* ICON76.png in Resources */,
				04EF32991ED6B05400DC54F4 /* ICON87.png in Resources */,
				04EF329A1ED6B05400DC54F4 /* iOS7Tech.jpg in Resources */,
				04EF32911ED6B05400DC54F4 /* ICON167.png in Resources */,
				04EF328C1ED6B05400DC54F4 /* eugene@2x.jpg in Resources */,
				04EF32951ED6B05400DC54F4 /* ICON58.png in Resources */,
				04EF32921ED6B05400DC54F4 /* ICON180.png in Resources */,
				04FEBA591ECEC32C00ADB725 /* Assets.xcassets in Resources */,
				04EF328B1ED6B05400DC54F4 /* eugene.jpg in Resources */,
				04EF328D1ED6B05400DC54F4 /* eugene@3x.jpg in Resources */,
				04EF329B1ED6B05400DC54F4 /* iOS7Tech@2x.jpg in Resources */,
				04EF32931ED6B05400DC54F4 /* ICON29.png in Resources */,
				04EF32901ED6B05400DC54F4 /* ICON152.png in Resources */,
				04FEBA571ECEC32C00ADB725 /* Main.storyboard in Resources */,
				04EF32961ED6B05400DC54F4 /* ICON60.png in Resources */,
				04EF32941ED6B05400DC54F4 /* ICON40.png in Resources */,
			);
			runOnlyForDeploymentPostprocessing = 0;
		};
/* End PBXResourcesBuildPhase section */

/* Begin PBXSourcesBuildPhase section */
		04FEBA4A1ECEC32C00ADB725 /* Sources */ = {
			isa = PBXSourcesBuildPhase;
			buildActionMask = 2147483647;
			files = (
				04FEBA541ECEC32C00ADB725 /* ViewController.swift in Sources */,
				04FEBA521ECEC32C00ADB725 /* AppDelegate.swift in Sources */,
			);
			runOnlyForDeploymentPostprocessing = 0;
		};
/* End PBXSourcesBuildPhase section */

/* Begin PBXVariantGroup section */
		04FEBA551ECEC32C00ADB725 /* Main.storyboard */ = {
			isa = PBXVariantGroup;
			children = (
				04FEBA561ECEC32C00ADB725 /* Base */,
			);
			name = Main.storyboard;
			sourceTree = "<group>";
		};
		04FEBA5A1ECEC32C00ADB725 /* LaunchScreen.storyboard */ = {
			isa = PBXVariantGroup;
			children = (
				04FEBA5B1ECEC32C00ADB725 /* Base */,
			);
			name = LaunchScreen.storyboard;
			sourceTree = "<group>";
		};
/* End PBXVariantGroup section */

/* Begin XCBuildConfiguration section */
		04FEBA5E1ECEC32C00ADB725 /* Debug */ = {
			isa = XCBuildConfiguration;
			buildSettings = {
				ALWAYS_SEARCH_USER_PATHS = NO;
				CLANG_ANALYZER_NONNULL = YES;
				CLANG_ANALYZER_NUMBER_OBJECT_CONVERSION = YES_AGGRESSIVE;
				CLANG_CXX_LANGUAGE_STANDARD = "gnu++0x";
				CLANG_CXX_LIBRARY = "libc++";
				CLANG_ENABLE_MODULES = YES;
				CLANG_ENABLE_OBJC_ARC = YES;
				CLANG_WARN_BOOL_CONVERSION = YES;
				CLANG_WARN_CONSTANT_CONVERSION = YES;
				CLANG_WARN_DIRECT_OBJC_ISA_USAGE = YES_ERROR;
				CLANG_WARN_DOCUMENTATION_COMMENTS = YES;
				CLANG_WARN_EMPTY_BODY = YES;
				CLANG_WARN_ENUM_CONVERSION = YES;
				CLANG_WARN_INFINITE_RECURSION = YES;
				CLANG_WARN_INT_CONVERSION = YES;
				CLANG_WARN_OBJC_ROOT_CLASS = YES_ERROR;
				CLANG_WARN_SUSPICIOUS_MOVE = YES;
				CLANG_WARN_UNREACHABLE_CODE = YES;
				CLANG_WARN__DUPLICATE_METHOD_MATCH = YES;
				"CODE_SIGN_IDENTITY[sdk=iphoneos*]" = "iPhone Developer";
				COPY_PHASE_STRIP = NO;
				DEBUG_INFORMATION_FORMAT = dwarf;
				ENABLE_STRICT_OBJC_MSGSEND = YES;
				ENABLE_TESTABILITY = YES;
				GCC_C_LANGUAGE_STANDARD = gnu99;
				GCC_DYNAMIC_NO_PIC = NO;
				GCC_NO_COMMON_BLOCKS = YES;
				GCC_OPTIMIZATION_LEVEL = 0;
				GCC_PREPROCESSOR_DEFINITIONS = (
					"DEBUG=1",
					"$(inherited)",
				);
				GCC_WARN_64_TO_32_BIT_CONVERSION = YES;
				GCC_WARN_ABOUT_RETURN_TYPE = YES_ERROR;
				GCC_WARN_UNDECLARED_SELECTOR = YES;
				GCC_WARN_UNINITIALIZED_AUTOS = YES_AGGRESSIVE;
				GCC_WARN_UNUSED_FUNCTION = YES;
				GCC_WARN_UNUSED_VARIABLE = YES;
				IPHONEOS_DEPLOYMENT_TARGET = 10.3;
				MTL_ENABLE_DEBUG_INFO = YES;
				ONLY_ACTIVE_ARCH = YES;
				SDKROOT = iphoneos;
				SWIFT_ACTIVE_COMPILATION_CONDITIONS = DEBUG;
				SWIFT_OPTIMIZATION_LEVEL = "-Onone";
				TARGETED_DEVICE_FAMILY = "1,2";
			};
			name = Debug;
		};
		04FEBA5F1ECEC32C00ADB725 /* Release */ = {
			isa = XCBuildConfiguration;
			buildSettings = {
				ALWAYS_SEARCH_USER_PATHS = NO;
				CLANG_ANALYZER_NONNULL = YES;
				CLANG_ANALYZER_NUMBER_OBJECT_CONVERSION = YES_AGGRESSIVE;
				CLANG_CXX_LANGUAGE_STANDARD = "gnu++0x";
				CLANG_CXX_LIBRARY = "libc++";
				CLANG_ENABLE_MODULES = YES;
				CLANG_ENABLE_OBJC_ARC = YES;
				CLANG_WARN_BOOL_CONVERSION = YES;
				CLANG_WARN_CONSTANT_CONVERSION = YES;
				CLANG_WARN_DIRECT_OBJC_ISA_USAGE = YES_ERROR;
				CLANG_WARN_DOCUMENTATION_COMMENTS = YES;
				CLANG_WARN_EMPTY_BODY = YES;
				CLANG_WARN_ENUM_CONVERSION = YES;
				CLANG_WARN_INFINITE_RECURSION = YES;
				CLANG_WARN_INT_CONVERSION = YES;
				CLANG_WARN_OBJC_ROOT_CLASS = YES_ERROR;
				CLANG_WARN_SUSPICIOUS_MOVE = YES;
				CLANG_WARN_UNREACHABLE_CODE = YES;
				CLANG_WARN__DUPLICATE_METHOD_MATCH = YES;
				"CODE_SIGN_IDENTITY[sdk=iphoneos*]" = "iPhone Developer";
				COPY_PHASE_STRIP = NO;
				DEBUG_INFORMATION_FORMAT = "dwarf-with-dsym";
				ENABLE_NS_ASSERTIONS = NO;
				ENABLE_STRICT_OBJC_MSGSEND = YES;
				GCC_C_LANGUAGE_STANDARD = gnu99;
				GCC_NO_COMMON_BLOCKS = YES;
				GCC_WARN_64_TO_32_BIT_CONVERSION = YES;
				GCC_WARN_ABOUT_RETURN_TYPE = YES_ERROR;
				GCC_WARN_UNDECLARED_SELECTOR = YES;
				GCC_WARN_UNINITIALIZED_AUTOS = YES_AGGRESSIVE;
				GCC_WARN_UNUSED_FUNCTION = YES;
				GCC_WARN_UNUSED_VARIABLE = YES;
				IPHONEOS_DEPLOYMENT_TARGET = 10.3;
				MTL_ENABLE_DEBUG_INFO = NO;
				SDKROOT = iphoneos;
				SWIFT_OPTIMIZATION_LEVEL = "-Owholemodule";
				TARGETED_DEVICE_FAMILY = "1,2";
				VALIDATE_PRODUCT = YES;
			};
			name = Release;
		};
		04FEBA611ECEC32C00ADB725 /* Debug */ = {
			isa = XCBuildConfiguration;
			buildSettings = {
				ASSETCATALOG_COMPILER_APPICON_NAME = AppIcon;
				INFOPLIST_FILE = wtphoto/Info.plist;
				LD_RUNPATH_SEARCH_PATHS = "$(inherited) @executable_path/Frameworks";
				PRODUCT_BUNDLE_IDENTIFIER = chang.wtphoto;
				PRODUCT_NAME = "$(TARGET_NAME)";
				SWIFT_VERSION = 3.0;
			};
			name = Debug;
		};
		04FEBA621ECEC32C00ADB725 /* Release */ = {
			isa = XCBuildConfiguration;
			buildSettings = {
				ASSETCATALOG_COMPILER_APPICON_NAME = AppIcon;
				INFOPLIST_FILE = wtphoto/Info.plist;
				LD_RUNPATH_SEARCH_PATHS = "$(inherited) @executable_path/Frameworks";
				PRODUCT_BUNDLE_IDENTIFIER = chang.wtphoto;
				PRODUCT_NAME = "$(TARGET_NAME)";
				SWIFT_VERSION = 3.0;
			};
			name = Release;
		};
/* End XCBuildConfiguration section */

/* Begin XCConfigurationList section */
		04FEBA491ECEC32C00ADB725 /* Build configuration list for PBXProject "wtphoto" */ = {
			isa = XCConfigurationList;
			buildConfigurations = (
				04FEBA5E1ECEC32C00ADB725 /* Debug */,
				04FEBA5F1ECEC32C00ADB725 /* Release */,
			);
			defaultConfigurationIsVisible = 0;
			defaultConfigurationName = Release;
		};
		04FEBA601ECEC32C00ADB725 /* Build configuration list for PBXNativeTarget "wtphoto" */ = {
			isa = XCConfigurationList;
			buildConfigurations = (
				04FEBA611ECEC32C00ADB725 /* Debug */,
				04FEBA621ECEC32C00ADB725 /* Release */,
			);
			defaultConfigurationIsVisible = 0;
			defaultConfigurationName = Release;
		};
/* End XCConfigurationList section */
	};
	rootObject = 04FEBA461ECEC32C00ADB725 /* Project object */;
}
