// !$*UTF8*$!
{
	archiveVersion = 1;
	classes = {
	};
	objectVersion = 46;
	objects = {

/* Begin PBXBuildFile section */
		04BD7A561F0DDB8400462A6C /* AppDelegate.swift in Sources */ = {isa = PBXBuildFile; fileRef = 04BD7A551F0DDB8400462A6C /* AppDelegate.swift */; };
		04BD7A581F0DDB8400462A6C /* ViewController.swift in Sources */ = {isa = PBXBuildFile; fileRef = 04BD7A571F0DDB8400462A6C /* ViewController.swift */; };
		04BD7A5B1F0DDB8400462A6C /* Main.storyboard in Resources */ = {isa = PBXBuildFile; fileRef = 04BD7A591F0DDB8400462A6C /* Main.storyboard */; };
		04BD7A5D1F0DDB8400462A6C /* Assets.xcassets in Resources */ = {isa = PBXBuildFile; fileRef = 04BD7A5C1F0DDB8400462A6C /* Assets.xcassets */; };
		04BD7A601F0DDB8400462A6C /* LaunchScreen.storyboard in Resources */ = {isa = PBXBuildFile; fileRef = 04BD7A5E1F0DDB8400462A6C /* LaunchScreen.storyboard */; };
/* End PBXBuildFile section */

/* Begin PBXFileReference section */
		04BD7A521F0DDB8400462A6C /* myStaticTable.app */ = {isa = PBXFileReference; explicitFileType = wrapper.application; includeInIndex = 0; path = myStaticTable.app; sourceTree = BUILT_PRODUCTS_DIR; };
		04BD7A551F0DDB8400462A6C /* AppDelegate.swift */ = {isa = PBXFileReference; lastKnownFileType = sourcecode.swift; path = AppDelegate.swift; sourceTree = "<group>"; };
		04BD7A571F0DDB8400462A6C /* ViewController.swift */ = {isa = PBXFileReference; lastKnownFileType = sourcecode.swift; path = ViewController.swift; sourceTree = "<group>"; };
		04BD7A5A1F0DDB8400462A6C /* Base */ = {isa = PBXFileReference; lastKnownFileType = file.storyboard; name = Base; path = Base.lproj/Main.storyboard; sourceTree = "<group>"; };
		04BD7A5C1F0DDB8400462A6C /* Assets.xcassets */ = {isa = PBXFileReference; lastKnownFileType = folder.assetcatalog; path = Assets.xcassets; sourceTree = "<group>"; };
		04BD7A5F1F0DDB8400462A6C /* Base */ = {isa = PBXFileReference; lastKnownFileType = file.storyboard; name = Base; path = Base.lproj/LaunchScreen.storyboard; sourceTree = "<group>"; };
		04BD7A611F0DDB8400462A6C /* Info.plist */ = {isa = PBXFileReference; lastKnownFileType = text.plist.xml; path = Info.plist; sourceTree = "<group>"; };
/* End PBXFileReference section */

/* Begin PBXFrameworksBuildPhase section */
		04BD7A4F1F0DDB8400462A6C /* Frameworks */ = {
			isa = PBXFrameworksBuildPhase;
			buildActionMask = 2147483647;
			files = (
			);
			runOnlyForDeploymentPostprocessing = 0;
		};
/* End PBXFrameworksBuildPhase section */

/* Begin PBXGroup section */
		04BD7A491F0DDB8400462A6C = {
			isa = PBXGroup;
			children = (
				04BD7A541F0DDB8400462A6C /* myStaticTable */,
				04BD7A531F0DDB8400462A6C /* Products */,
			);
			sourceTree = "<group>";
		};
		04BD7A531F0DDB8400462A6C /* Products */ = {
			isa = PBXGroup;
			children = (
				04BD7A521F0DDB8400462A6C /* myStaticTable.app */,
			);
			name = Products;
			sourceTree = "<group>";
		};
		04BD7A541F0DDB8400462A6C /* myStaticTable */ = {
			isa = PBXGroup;
			children = (
				04BD7A551F0DDB8400462A6C /* AppDelegate.swift */,
				04BD7A571F0DDB8400462A6C /* ViewController.swift */,
				04BD7A591F0DDB8400462A6C /* Main.storyboard */,
				04BD7A5C1F0DDB8400462A6C /* Assets.xcassets */,
				04BD7A5E1F0DDB8400462A6C /* LaunchScreen.storyboard */,
				04BD7A611F0DDB8400462A6C /* Info.plist */,
			);
			path = myStaticTable;
			sourceTree = "<group>";
		};
/* End PBXGroup section */

/* Begin PBXNativeTarget section */
		04BD7A511F0DDB8400462A6C /* myStaticTable */ = {
			isa = PBXNativeTarget;
			buildConfigurationList = 04BD7A641F0DDB8400462A6C /* Build configuration list for PBXNativeTarget "myStaticTable" */;
			buildPhases = (
				04BD7A4E1F0DDB8400462A6C /* Sources */,
				04BD7A4F1F0DDB8400462A6C /* Frameworks */,
				04BD7A501F0DDB8400462A6C /* Resources */,
			);
			buildRules = (
			);
			dependencies = (
			);
			name = myStaticTable;
			productName = myStaticTable;
			productReference = 04BD7A521F0DDB8400462A6C /* myStaticTable.app */;
			productType = "com.apple.product-type.application";
		};
/* End PBXNativeTarget section */

/* Begin PBXProject section */
		04BD7A4A1F0DDB8400462A6C /* Project object */ = {
			isa = PBXProject;
			attributes = {
				LastSwiftUpdateCheck = 0830;
				LastUpgradeCheck = 0830;
				ORGANIZATIONNAME = changname;
				TargetAttributes = {
					04BD7A511F0DDB8400462A6C = {
						CreatedOnToolsVersion = 8.3.2;
						DevelopmentTeam = V7466QEVQE;
						ProvisioningStyle = Automatic;
					};
				};
			};
			buildConfigurationList = 04BD7A4D1F0DDB8400462A6C /* Build configuration list for PBXProject "myStaticTable" */;
			compatibilityVersion = "Xcode 3.2";
			developmentRegion = English;
			hasScannedForEncodings = 0;
			knownRegions = (
				en,
				Base,
			);
			mainGroup = 04BD7A491F0DDB8400462A6C;
			productRefGroup = 04BD7A531F0DDB8400462A6C /* Products */;
			projectDirPath = "";
			projectRoot = "";
			targets = (
				04BD7A511F0DDB8400462A6C /* myStaticTable */,
			);
		};
/* End PBXProject section */

/* Begin PBXResourcesBuildPhase section */
		04BD7A501F0DDB8400462A6C /* Resources */ = {
			isa = PBXResourcesBuildPhase;
			buildActionMask = 2147483647;
			files = (
				04BD7A601F0DDB8400462A6C /* LaunchScreen.storyboard in Resources */,
				04BD7A5D1F0DDB8400462A6C /* Assets.xcassets in Resources */,
				04BD7A5B1F0DDB8400462A6C /* Main.storyboard in Resources */,
			);
			runOnlyForDeploymentPostprocessing = 0;
		};
/* End PBXResourcesBuildPhase section */

/* Begin PBXSourcesBuildPhase section */
		04BD7A4E1F0DDB8400462A6C /* Sources */ = {
			isa = PBXSourcesBuildPhase;
			buildActionMask = 2147483647;
			files = (
				04BD7A581F0DDB8400462A6C /* ViewController.swift in Sources */,
				04BD7A561F0DDB8400462A6C /* AppDelegate.swift in Sources */,
			);
			runOnlyForDeploymentPostprocessing = 0;
		};
/* End PBXSourcesBuildPhase section */

/* Begin PBXVariantGroup section */
		04BD7A591F0DDB8400462A6C /* Main.storyboard */ = {
			isa = PBXVariantGroup;
			children = (
				04BD7A5A1F0DDB8400462A6C /* Base */,
			);
			name = Main.storyboard;
			sourceTree = "<group>";
		};
		04BD7A5E1F0DDB8400462A6C /* LaunchScreen.storyboard */ = {
			isa = PBXVariantGroup;
			children = (
				04BD7A5F1F0DDB8400462A6C /* Base */,
			);
			name = LaunchScreen.storyboard;
			sourceTree = "<group>";
		};
/* End PBXVariantGroup section */

/* Begin XCBuildConfiguration section */
		04BD7A621F0DDB8400462A6C /* Debug */ = {
			isa = XCBuildConfiguration;
			buildSettings = {
				ALWAYS_SEARCH_USER_PATHS = NO;
				CLANG_ANALYZER_NONNULL = YES;
				CLANG_ANALYZER_NUMBER_OBJECT_CONVERSION = YES_AGGRESSIVE;
				CLANG_CXX_LANGUAGE_STANDARD = "gnu++0x";
				CLANG_CXX_LIBRARY = "libc++";
				CLANG_ENABLE_MODULES = YES;
				CLANG_ENABLE_OBJC_ARC = YES;
				CLANG_WARN_BOOL_CONVERSION = YES;
				CLANG_WARN_CONSTANT_CONVERSION = YES;
				CLANG_WARN_DIRECT_OBJC_ISA_USAGE = YES_ERROR;
				CLANG_WARN_DOCUMENTATION_COMMENTS = YES;
				CLANG_WARN_EMPTY_BODY = YES;
				CLANG_WARN_ENUM_CONVERSION = YES;
				CLANG_WARN_INFINITE_RECURSION = YES;
				CLANG_WARN_INT_CONVERSION = YES;
				CLANG_WARN_OBJC_ROOT_CLASS = YES_ERROR;
				CLANG_WARN_SUSPICIOUS_MOVE = YES;
				CLANG_WARN_UNREACHABLE_CODE = YES;
				CLANG_WARN__DUPLICATE_METHOD_MATCH = YES;
				"CODE_SIGN_IDENTITY[sdk=iphoneos*]" = "iPhone Developer";
				COPY_PHASE_STRIP = NO;
				DEBUG_INFORMATION_FORMAT = dwarf;
				ENABLE_STRICT_OBJC_MSGSEND = YES;
				ENABLE_TESTABILITY = YES;
				GCC_C_LANGUAGE_STANDARD = gnu99;
				GCC_DYNAMIC_NO_PIC = NO;
				GCC_NO_COMMON_BLOCKS = YES;
				GCC_OPTIMIZATION_LEVEL = 0;
				GCC_PREPROCESSOR_DEFINITIONS = (
					"DEBUG=1",
					"$(inherited)",
				);
				GCC_WARN_64_TO_32_BIT_CONVERSION = YES;
				GCC_WARN_ABOUT_RETURN_TYPE = YES_ERROR;
				GCC_WARN_UNDECLARED_SELECTOR = YES;
				GCC_WARN_UNINITIALIZED_AUTOS = YES_AGGRESSIVE;
				GCC_WARN_UNUSED_FUNCTION = YES;
				GCC_WARN_UNUSED_VARIABLE = YES;
				IPHONEOS_DEPLOYMENT_TARGET = 10.3;
				MTL_ENABLE_DEBUG_INFO = YES;
				ONLY_ACTIVE_ARCH = YES;
				SDKROOT = iphoneos;
				SWIFT_ACTIVE_COMPILATION_CONDITIONS = DEBUG;
				SWIFT_OPTIMIZATION_LEVEL = "-Onone";
				TARGETED_DEVICE_FAMILY = "1,2";
			};
			name = Debug;
		};
		04BD7A631F0DDB8400462A6C /* Release */ = {
			isa = XCBuildConfiguration;
			buildSettings = {
				ALWAYS_SEARCH_USER_PATHS = NO;
				CLANG_ANALYZER_NONNULL = YES;
				CLANG_ANALYZER_NUMBER_OBJECT_CONVERSION = YES_AGGRESSIVE;
				CLANG_CXX_LANGUAGE_STANDARD = "gnu++0x";
				CLANG_CXX_LIBRARY = "libc++";
				CLANG_ENABLE_MODULES = YES;
				CLANG_ENABLE_OBJC_ARC = YES;
				CLANG_WARN_BOOL_CONVERSION = YES;
				CLANG_WARN_CONSTANT_CONVERSION = YES;
				CLANG_WARN_DIRECT_OBJC_ISA_USAGE = YES_ERROR;
				CLANG_WARN_DOCUMENTATION_COMMENTS = YES;
				CLANG_WARN_EMPTY_BODY = YES;
				CLANG_WARN_ENUM_CONVERSION = YES;
				CLANG_WARN_INFINITE_RECURSION = YES;
				CLANG_WARN_INT_CONVERSION = YES;
				CLANG_WARN_OBJC_ROOT_CLASS = YES_ERROR;
				CLANG_WARN_SUSPICIOUS_MOVE = YES;
				CLANG_WARN_UNREACHABLE_CODE = YES;
				CLANG_WARN__DUPLICATE_METHOD_MATCH = YES;
				"CODE_SIGN_IDENTITY[sdk=iphoneos*]" = "iPhone Developer";
				COPY_PHASE_STRIP = NO;
				DEBUG_INFORMATION_FORMAT = "dwarf-with-dsym";
				ENABLE_NS_ASSERTIONS = NO;
				ENABLE_STRICT_OBJC_MSGSEND = YES;
				GCC_C_LANGUAGE_STANDARD = gnu99;
				GCC_NO_COMMON_BLOCKS = YES;
				GCC_WARN_64_TO_32_BIT_CONVERSION = YES;
				GCC_WARN_ABOUT_RETURN_TYPE = YES_ERROR;
				GCC_WARN_UNDECLARED_SELECTOR = YES;
				GCC_WARN_UNINITIALIZED_AUTOS = YES_AGGRESSIVE;
				GCC_WARN_UNUSED_FUNCTION = YES;
				GCC_WARN_UNUSED_VARIABLE = YES;
				IPHONEOS_DEPLOYMENT_TARGET = 10.3;
				MTL_ENABLE_DEBUG_INFO = NO;
				SDKROOT = iphoneos;
				SWIFT_OPTIMIZATION_LEVEL = "-Owholemodule";
				TARGETED_DEVICE_FAMILY = "1,2";
				VALIDATE_PRODUCT = YES;
			};
			name = Release;
		};
		04BD7A651F0DDB8400462A6C /* Debug */ = {
			isa = XCBuildConfiguration;
			buildSettings = {
				ASSETCATALOG_COMPILER_APPICON_NAME = AppIcon;
				DEVELOPMENT_TEAM = V7466QEVQE;
				INFOPLIST_FILE = myStaticTable/Info.plist;
				LD_RUNPATH_SEARCH_PATHS = "$(inherited) @executable_path/Frameworks";
				PRODUCT_BUNDLE_IDENTIFIER = chang.myStaticTable;
				PRODUCT_NAME = "$(TARGET_NAME)";
				SWIFT_VERSION = 3.0;
			};
			name = Debug;
		};
		04BD7A661F0DDB8400462A6C /* Release */ = {
			isa = XCBuildConfiguration;
			buildSettings = {
				ASSETCATALOG_COMPILER_APPICON_NAME = AppIcon;
				DEVELOPMENT_TEAM = V7466QEVQE;
				INFOPLIST_FILE = myStaticTable/Info.plist;
				LD_RUNPATH_SEARCH_PATHS = "$(inherited) @executable_path/Frameworks";
				PRODUCT_BUNDLE_IDENTIFIER = chang.myStaticTable;
				PRODUCT_NAME = "$(TARGET_NAME)";
				SWIFT_VERSION = 3.0;
			};
			name = Release;
		};
/* End XCBuildConfiguration section */

/* Begin XCConfigurationList section */
		04BD7A4D1F0DDB8400462A6C /* Build configuration list for PBXProject "myStaticTable" */ = {
			isa = XCConfigurationList;
			buildConfigurations = (
				04BD7A621F0DDB8400462A6C /* Debug */,
				04BD7A631F0DDB8400462A6C /* Release */,
			);
			defaultConfigurationIsVisible = 0;
			defaultConfigurationName = Release;
		};
		04BD7A641F0DDB8400462A6C /* Build configuration list for PBXNativeTarget "myStaticTable" */ = {
			isa = XCConfigurationList;
			buildConfigurations = (
				04BD7A651F0DDB8400462A6C /* Debug */,
				04BD7A661F0DDB8400462A6C /* Release */,
			);
			defaultConfigurationIsVisible = 0;
		};
/* End XCConfigurationList section */
	};
	rootObject = 04BD7A4A1F0DDB8400462A6C /* Project object */;
}
